
Microsoft Visual Studio Solution File, Format Version 12.00
# Visual Studio Version 17
VisualStudioVersion = 17.0.32014.148
MinimumVisualStudioVersion = 10.0.40219.1
Project("{FAE04EC0-301F-11D3-BF4B-00C04F79EFBC}") = "alatech", "alatech\alatech.csproj", "{215AA4CD-999A-47DE-9D13-345600DBE1B8}"
EndProject
Global
	GlobalSection(SolutionConfigurationPlatforms) = preSolution
		Debug|Any CPU = Debug|Any CPU
		Release|Any CPU = Release|Any CPU
	EndGlobalSection
	GlobalSection(ProjectConfigurationPlatforms) = postSolution
		{215AA4CD-999A-47DE-9D13-345600DBE1B8}.Debug|Any CPU.ActiveCfg = Debug|Any CPU
		{215AA4CD-999A-47DE-9D13-345600DBE1B8}.Debug|Any CPU.Build.0 = Debug|Any CPU
		{215AA4CD-999A-47DE-9D13-345600DBE1B8}.Release|Any CPU.ActiveCfg = Release|Any CPU
		{215AA4CD-999A-47DE-9D13-345600DBE1B8}.Release|Any CPU.Build.0 = Release|Any CPU
	EndGlobalSection
	GlobalSection(SolutionProperties) = preSolution
		HideSolutionNode = FALSE
	EndGlobalSection
	GlobalSection(ExtensibilityGlobals) = postSolution
		SolutionGuid = {FFED1FD6-22C2-42AC-8502-4F1F1853C323}
	EndGlobalSection
EndGlobal
